
Microsoft Visual Studio Solution File, Format Version 12.00
# Visual Studio 15
VisualStudioVersion = 15.0.27130.2027
MinimumVisualStudioVersion = 10.0.40219.1
Project("{8BC9CEB8-8B4A-11D0-8D11-00A0C91BC942}") = "FishCC", "FishCC\FishCC.vcxproj", "{3BA91377-FD1C-43E0-B9B9-BDA5975B3200}"
	ProjectSection(ProjectDependencies) = postProject
		{7058DFE2-F6D3-48EB-A70A-0ADDB93BDB0E} = {7058DFE2-F6D3-48EB-A70A-0ADDB93BDB0E}
	EndProjectSection
EndProject
Project("{FAE04EC0-301F-11D3-BF4B-00C04F79EFBC}") = "FishCCLib", "FishCCLib\FishCCLib.csproj", "{7058DFE2-F6D3-48EB-A70A-0ADDB93BDB0E}"
EndProject
Project("{FAE04EC0-301F-11D3-BF4B-00C04F79EFBC}") = "FishAsm", "FishAsm\FishAsm.csproj", "{4EE3C4DE-E66B-4018-836E-830EC6E614B8}"
EndProject
Project("{FAE04EC0-301F-11D3-BF4B-00C04F79EFBC}") = "FishcodeVM", "FishcodeVM\FishcodeVM.csproj", "{15B514AA-137D-414E-B486-7683D3827862}"
EndProject
Global
	GlobalSection(SolutionConfigurationPlatforms) = preSolution
		Debug|Any CPU = Debug|Any CPU
		Debug|x64 = Debug|x64
		Release|Any CPU = Release|Any CPU
		Release|x64 = Release|x64
	EndGlobalSection
	GlobalSection(ProjectConfigurationPlatforms) = postSolution
		{3BA91377-FD1C-43E0-B9B9-BDA5975B3200}.Debug|Any CPU.ActiveCfg = Debug|Win32
		{3BA91377-FD1C-43E0-B9B9-BDA5975B3200}.Debug|x64.ActiveCfg = Debug|x64
		{3BA91377-FD1C-43E0-B9B9-BDA5975B3200}.Debug|x64.Build.0 = Debug|x64
		{3BA91377-FD1C-43E0-B9B9-BDA5975B3200}.Release|Any CPU.ActiveCfg = Release|Win32
		{3BA91377-FD1C-43E0-B9B9-BDA5975B3200}.Release|x64.ActiveCfg = Release|x64
		{3BA91377-FD1C-43E0-B9B9-BDA5975B3200}.Release|x64.Build.0 = Release|x64
		{7058DFE2-F6D3-48EB-A70A-0ADDB93BDB0E}.Debug|Any CPU.ActiveCfg = Debug|Any CPU
		{7058DFE2-F6D3-48EB-A70A-0ADDB93BDB0E}.Debug|Any CPU.Build.0 = Debug|Any CPU
		{7058DFE2-F6D3-48EB-A70A-0ADDB93BDB0E}.Debug|x64.ActiveCfg = Debug|Any CPU
		{7058DFE2-F6D3-48EB-A70A-0ADDB93BDB0E}.Debug|x64.Build.0 = Debug|Any CPU
		{7058DFE2-F6D3-48EB-A70A-0ADDB93BDB0E}.Release|Any CPU.ActiveCfg = Release|Any CPU
		{7058DFE2-F6D3-48EB-A70A-0ADDB93BDB0E}.Release|Any CPU.Build.0 = Release|Any CPU
		{7058DFE2-F6D3-48EB-A70A-0ADDB93BDB0E}.Release|x64.ActiveCfg = Release|Any CPU
		{7058DFE2-F6D3-48EB-A70A-0ADDB93BDB0E}.Release|x64.Build.0 = Release|Any CPU
		{4EE3C4DE-E66B-4018-836E-830EC6E614B8}.Debug|Any CPU.ActiveCfg = Debug|Any CPU
		{4EE3C4DE-E66B-4018-836E-830EC6E614B8}.Debug|Any CPU.Build.0 = Debug|Any CPU
		{4EE3C4DE-E66B-4018-836E-830EC6E614B8}.Debug|x64.ActiveCfg = Debug|Any CPU
		{4EE3C4DE-E66B-4018-836E-830EC6E614B8}.Debug|x64.Build.0 = Debug|Any CPU
		{4EE3C4DE-E66B-4018-836E-830EC6E614B8}.Release|Any CPU.ActiveCfg = Release|Any CPU
		{4EE3C4DE-E66B-4018-836E-830EC6E614B8}.Release|Any CPU.Build.0 = Release|Any CPU
		{4EE3C4DE-E66B-4018-836E-830EC6E614B8}.Release|x64.ActiveCfg = Release|Any CPU
		{4EE3C4DE-E66B-4018-836E-830EC6E614B8}.Release|x64.Build.0 = Release|Any CPU
		{15B514AA-137D-414E-B486-7683D3827862}.Debug|Any CPU.ActiveCfg = Debug|Any CPU
		{15B514AA-137D-414E-B486-7683D3827862}.Debug|Any CPU.Build.0 = Debug|Any CPU
		{15B514AA-137D-414E-B486-7683D3827862}.Debug|x64.ActiveCfg = Debug|Any CPU
		{15B514AA-137D-414E-B486-7683D3827862}.Debug|x64.Build.0 = Debug|Any CPU
		{15B514AA-137D-414E-B486-7683D3827862}.Release|Any CPU.ActiveCfg = Release|Any CPU
		{15B514AA-137D-414E-B486-7683D3827862}.Release|Any CPU.Build.0 = Release|Any CPU
		{15B514AA-137D-414E-B486-7683D3827862}.Release|x64.ActiveCfg = Release|Any CPU
		{15B514AA-137D-414E-B486-7683D3827862}.Release|x64.Build.0 = Release|Any CPU
	EndGlobalSection
	GlobalSection(SolutionProperties) = preSolution
		HideSolutionNode = FALSE
	EndGlobalSection
	GlobalSection(ExtensibilityGlobals) = postSolution
		SolutionGuid = {E8323FA7-2C14-43F9-A6D5-1DA1421BD764}
	EndGlobalSection
EndGlobal
